// !$*UTF8*$!
{
	archiveVersion = 1;
	classes = {
	};
	objectVersion = 46;
	objects = {

/* Begin PBXBuildFile section */
		C01456641923F8F0000372A9 /* libz.dylib in Frameworks */ = {isa = PBXBuildFile; fileRef = C018719518E2004600D43F66 /* libz.dylib */; };
		C01456651923F8F3000372A9 /* CFNetwork.framework in Frameworks */ = {isa = PBXBuildFile; fileRef = C018719318E2004100D43F66 /* CFNetwork.framework */; };
		C01456661923F8F6000372A9 /* ExternalAccessory.framework in Frameworks */ = {isa = PBXBuildFile; fileRef = C018719118E2002200D43F66 /* ExternalAccessory.framework */; };
		C01456671923F8F9000372A9 /* MessageUI.framework in Frameworks */ = {isa = PBXBuildFile; fileRef = C018718F18E2001B00D43F66 /* MessageUI.framework */; };
		C01456681923F8FC000372A9 /* CoreMotion.framework in Frameworks */ = {isa = PBXBuildFile; fileRef = C018718D18E2001500D43F66 /* CoreMotion.framework */; };
		C01456691923F8FF000372A9 /* CoreBluetooth.framework in Frameworks */ = {isa = PBXBuildFile; fileRef = C018718B18E2001000D43F66 /* CoreBluetooth.framework */; };
		C014566A1923F904000372A9 /* CoreGraphics.framework in Frameworks */ = {isa = PBXBuildFile; fileRef = C018715818E1FF8900D43F66 /* CoreGraphics.framework */; };
		C018715718E1FF8900D43F66 /* Foundation.framework in Frameworks */ = {isa = PBXBuildFile; fileRef = C018715618E1FF8900D43F66 /* Foundation.framework */; };
		C018715918E1FF8900D43F66 /* CoreGraphics.framework in Frameworks */ = {isa = PBXBuildFile; fileRef = C018715818E1FF8900D43F66 /* CoreGraphics.framework */; };
		C018715B18E1FF8900D43F66 /* UIKit.framework in Frameworks */ = {isa = PBXBuildFile; fileRef = C018715A18E1FF8900D43F66 /* UIKit.framework */; };
		C018716118E1FF8900D43F66 /* InfoPlist.strings in Resources */ = {isa = PBXBuildFile; fileRef = C018715F18E1FF8900D43F66 /* InfoPlist.strings */; };
		C018716318E1FF8900D43F66 /* main.m in Sources */ = {isa = PBXBuildFile; fileRef = C018716218E1FF8900D43F66 /* main.m */; };
		C018716718E1FF8900D43F66 /* AppDelegate.m in Sources */ = {isa = PBXBuildFile; fileRef = C018716618E1FF8900D43F66 /* AppDelegate.m */; };
		C018716A18E1FF8900D43F66 /* Main.storyboard in Resources */ = {isa = PBXBuildFile; fileRef = C018716818E1FF8900D43F66 /* Main.storyboard */; };
		C018716D18E1FF8900D43F66 /* ViewController.m in Sources */ = {isa = PBXBuildFile; fileRef = C018716C18E1FF8900D43F66 /* ViewController.m */; };
		C018716F18E1FF8900D43F66 /* Images.xcassets in Resources */ = {isa = PBXBuildFile; fileRef = C018716E18E1FF8900D43F66 /* Images.xcassets */; };
		C018717618E1FF8900D43F66 /* XCTest.framework in Frameworks */ = {isa = PBXBuildFile; fileRef = C018717518E1FF8900D43F66 /* XCTest.framework */; };
		C018717718E1FF8900D43F66 /* Foundation.framework in Frameworks */ = {isa = PBXBuildFile; fileRef = C018715618E1FF8900D43F66 /* Foundation.framework */; };
		C018717818E1FF8900D43F66 /* UIKit.framework in Frameworks */ = {isa = PBXBuildFile; fileRef = C018715A18E1FF8900D43F66 /* UIKit.framework */; };
		C018718018E1FF8900D43F66 /* InfoPlist.strings in Resources */ = {isa = PBXBuildFile; fileRef = C018717E18E1FF8900D43F66 /* InfoPlist.strings */; };
		C018718218E1FF8900D43F66 /* HelloTests.m in Sources */ = {isa = PBXBuildFile; fileRef = C018718118E1FF8900D43F66 /* HelloTests.m */; };
		C018718C18E2001000D43F66 /* CoreBluetooth.framework in Frameworks */ = {isa = PBXBuildFile; fileRef = C018718B18E2001000D43F66 /* CoreBluetooth.framework */; };
		C018718E18E2001500D43F66 /* CoreMotion.framework in Frameworks */ = {isa = PBXBuildFile; fileRef = C018718D18E2001500D43F66 /* CoreMotion.framework */; };
		C018719018E2001B00D43F66 /* MessageUI.framework in Frameworks */ = {isa = PBXBuildFile; fileRef = C018718F18E2001B00D43F66 /* MessageUI.framework */; };
		C018719218E2002200D43F66 /* ExternalAccessory.framework in Frameworks */ = {isa = PBXBuildFile; fileRef = C018719118E2002200D43F66 /* ExternalAccessory.framework */; };
		C018719418E2004100D43F66 /* CFNetwork.framework in Frameworks */ = {isa = PBXBuildFile; fileRef = C018719318E2004100D43F66 /* CFNetwork.framework */; };
		C018719618E2004600D43F66 /* libz.dylib in Frameworks */ = {isa = PBXBuildFile; fileRef = C018719518E2004600D43F66 /* libz.dylib */; };
		C01871B318E2044E00D43F66 /* NSMutableArray+Queue.m in Sources */ = {isa = PBXBuildFile; fileRef = C01871B018E2044E00D43F66 /* NSMutableArray+Queue.m */; };
		C059F5E419E113F9008005EE /* PebbleVendor.framework in Frameworks */ = {isa = PBXBuildFile; fileRef = C059F5E319E113F9008005EE /* PebbleVendor.framework */; };
		C059F5E619E11401008005EE /* PebbleKit.framework in Frameworks */ = {isa = PBXBuildFile; fileRef = C059F5E519E11401008005EE /* PebbleKit.framework */; };
		C0EA987918E20C9E00D1DE61 /* PebbleController.m in Sources */ = {isa = PBXBuildFile; fileRef = C0EA987818E20C9E00D1DE61 /* PebbleController.m */; };
/* End PBXBuildFile section */

/* Begin PBXContainerItemProxy section */
		C018717918E1FF8900D43F66 /* PBXContainerItemProxy */ = {
			isa = PBXContainerItemProxy;
			containerPortal = C018714B18E1FF8900D43F66 /* Project object */;
			proxyType = 1;
			remoteGlobalIDString = C018715218E1FF8900D43F66;
			remoteInfo = Hello;
		};
/* End PBXContainerItemProxy section */

/* Begin PBXFileReference section */
		C018715318E1FF8900D43F66 /* Hello.app */ = {isa = PBXFileReference; explicitFileType = wrapper.application; includeInIndex = 0; path = Hello.app; sourceTree = BUILT_PRODUCTS_DIR; };
		C018715618E1FF8900D43F66 /* Foundation.framework */ = {isa = PBXFileReference; lastKnownFileType = wrapper.framework; name = Foundation.framework; path = System/Library/Frameworks/Foundation.framework; sourceTree = SDKROOT; };
		C018715818E1FF8900D43F66 /* CoreGraphics.framework */ = {isa = PBXFileReference; lastKnownFileType = wrapper.framework; name = CoreGraphics.framework; path = System/Library/Frameworks/CoreGraphics.framework; sourceTree = SDKROOT; };
		C018715A18E1FF8900D43F66 /* UIKit.framework */ = {isa = PBXFileReference; lastKnownFileType = wrapper.framework; name = UIKit.framework; path = System/Library/Frameworks/UIKit.framework; sourceTree = SDKROOT; };
		C018715E18E1FF8900D43F66 /* Hello-Info.plist */ = {isa = PBXFileReference; lastKnownFileType = text.plist.xml; path = "Hello-Info.plist"; sourceTree = "<group>"; };
		C018716018E1FF8900D43F66 /* en */ = {isa = PBXFileReference; lastKnownFileType = text.plist.strings; name = en; path = en.lproj/InfoPlist.strings; sourceTree = "<group>"; };
		C018716218E1FF8900D43F66 /* main.m */ = {isa = PBXFileReference; lastKnownFileType = sourcecode.c.objc; path = main.m; sourceTree = "<group>"; };
		C018716418E1FF8900D43F66 /* Hello-Prefix.pch */ = {isa = PBXFileReference; lastKnownFileType = sourcecode.c.h; path = "Hello-Prefix.pch"; sourceTree = "<group>"; };
		C018716518E1FF8900D43F66 /* AppDelegate.h */ = {isa = PBXFileReference; lastKnownFileType = sourcecode.c.h; path = AppDelegate.h; sourceTree = "<group>"; };
		C018716618E1FF8900D43F66 /* AppDelegate.m */ = {isa = PBXFileReference; lastKnownFileType = sourcecode.c.objc; path = AppDelegate.m; sourceTree = "<group>"; };
		C018716918E1FF8900D43F66 /* Base */ = {isa = PBXFileReference; lastKnownFileType = file.storyboard; name = Base; path = Base.lproj/Main.storyboard; sourceTree = "<group>"; };
		C018716B18E1FF8900D43F66 /* ViewController.h */ = {isa = PBXFileReference; lastKnownFileType = sourcecode.c.h; path = ViewController.h; sourceTree = "<group>"; };
		C018716C18E1FF8900D43F66 /* ViewController.m */ = {isa = PBXFileReference; lastKnownFileType = sourcecode.c.objc; path = ViewController.m; sourceTree = "<group>"; };
		C018716E18E1FF8900D43F66 /* Images.xcassets */ = {isa = PBXFileReference; lastKnownFileType = folder.assetcatalog; path = Images.xcassets; sourceTree = "<group>"; };
		C018717418E1FF8900D43F66 /* HelloTests.xctest */ = {isa = PBXFileReference; explicitFileType = wrapper.cfbundle; includeInIndex = 0; path = HelloTests.xctest; sourceTree = BUILT_PRODUCTS_DIR; };
		C018717518E1FF8900D43F66 /* XCTest.framework */ = {isa = PBXFileReference; lastKnownFileType = wrapper.framework; name = XCTest.framework; path = Library/Frameworks/XCTest.framework; sourceTree = DEVELOPER_DIR; };
		C018717D18E1FF8900D43F66 /* HelloTests-Info.plist */ = {isa = PBXFileReference; lastKnownFileType = text.plist.xml; path = "HelloTests-Info.plist"; sourceTree = "<group>"; };
		C018717F18E1FF8900D43F66 /* en */ = {isa = PBXFileReference; lastKnownFileType = text.plist.strings; name = en; path = en.lproj/InfoPlist.strings; sourceTree = "<group>"; };
		C018718118E1FF8900D43F66 /* HelloTests.m */ = {isa = PBXFileReference; lastKnownFileType = sourcecode.c.objc; path = HelloTests.m; sourceTree = "<group>"; };
		C018718B18E2001000D43F66 /* CoreBluetooth.framework */ = {isa = PBXFileReference; lastKnownFileType = wrapper.framework; name = CoreBluetooth.framework; path = System/Library/Frameworks/CoreBluetooth.framework; sourceTree = SDKROOT; };
		C018718D18E2001500D43F66 /* CoreMotion.framework */ = {isa = PBXFileReference; lastKnownFileType = wrapper.framework; name = CoreMotion.framework; path = System/Library/Frameworks/CoreMotion.framework; sourceTree = SDKROOT; };
		C018718F18E2001B00D43F66 /* MessageUI.framework */ = {isa = PBXFileReference; lastKnownFileType = wrapper.framework; name = MessageUI.framework; path = System/Library/Frameworks/MessageUI.framework; sourceTree = SDKROOT; };
		C018719118E2002200D43F66 /* ExternalAccessory.framework */ = {isa = PBXFileReference; lastKnownFileType = wrapper.framework; name = ExternalAccessory.framework; path = System/Library/Frameworks/ExternalAccessory.framework; sourceTree = SDKROOT; };
		C018719318E2004100D43F66 /* CFNetwork.framework */ = {isa = PBXFileReference; lastKnownFileType = wrapper.framework; name = CFNetwork.framework; path = System/Library/Frameworks/CFNetwork.framework; sourceTree = SDKROOT; };
		C018719518E2004600D43F66 /* libz.dylib */ = {isa = PBXFileReference; lastKnownFileType = "compiled.mach-o.dylib"; name = libz.dylib; path = usr/lib/libz.dylib; sourceTree = SDKROOT; };
		C01871B018E2044E00D43F66 /* NSMutableArray+Queue.m */ = {isa = PBXFileReference; fileEncoding = 4; lastKnownFileType = sourcecode.c.objc; path = "NSMutableArray+Queue.m"; sourceTree = "<group>"; };
		C01871B118E2044E00D43F66 /* NSMutableArray+Queue.h */ = {isa = PBXFileReference; fileEncoding = 4; lastKnownFileType = sourcecode.c.h; path = "NSMutableArray+Queue.h"; sourceTree = "<group>"; };
		C059F5E319E113F9008005EE /* PebbleVendor.framework */ = {isa = PBXFileReference; lastKnownFileType = wrapper.framework; path = PebbleVendor.framework; sourceTree = "<group>"; };
		C059F5E519E11401008005EE /* PebbleKit.framework */ = {isa = PBXFileReference; lastKnownFileType = wrapper.framework; path = PebbleKit.framework; sourceTree = "<group>"; };
		C0A6B25A19CE6FB400BB4227 /* Hello.entitlements */ = {isa = PBXFileReference; lastKnownFileType = text.xml; path = Hello.entitlements; sourceTree = "<group>"; };
		C0EA986F18E2059D00D1DE61 /* Default.png */ = {isa = PBXFileReference; lastKnownFileType = image.png; name = Default.png; path = Images/Default.png; sourceTree = "<group>"; };
		C0EA987018E2059D00D1DE61 /* Icon.png */ = {isa = PBXFileReference; lastKnownFileType = image.png; name = Icon.png; path = Images/Icon.png; sourceTree = "<group>"; };
		C0EA987418E2078D00D1DE61 /* appinfo.json */ = {isa = PBXFileReference; lastKnownFileType = text.json; name = appinfo.json; path = HelloWatchApp/appinfo.json; sourceTree = SOURCE_ROOT; };
		C0EA987518E2079300D1DE61 /* HelloWatchApp.c */ = {isa = PBXFileReference; lastKnownFileType = sourcecode.c.c; name = HelloWatchApp.c; path = HelloWatchApp/src/HelloWatchApp.c; sourceTree = SOURCE_ROOT; };
		C0EA987618E20B3500D1DE61 /* README.md */ = {isa = PBXFileReference; lastKnownFileType = text; path = README.md; sourceTree = SOURCE_ROOT; };
		C0EA987718E20C9E00D1DE61 /* PebbleController.h */ = {isa = PBXFileReference; fileEncoding = 4; lastKnownFileType = sourcecode.c.h; path = PebbleController.h; sourceTree = "<group>"; };
		C0EA987818E20C9E00D1DE61 /* PebbleController.m */ = {isa = PBXFileReference; fileEncoding = 4; lastKnownFileType = sourcecode.c.objc; path = PebbleController.m; sourceTree = "<group>"; };
/* End PBXFileReference section */

/* Begin PBXFrameworksBuildPhase section */
		C018715018E1FF8900D43F66 /* Frameworks */ = {
			isa = PBXFrameworksBuildPhase;
			buildActionMask = 2147483647;
			files = (
				C018719618E2004600D43F66 /* libz.dylib in Frameworks */,
				C018719418E2004100D43F66 /* CFNetwork.framework in Frameworks */,
				C018719218E2002200D43F66 /* ExternalAccessory.framework in Frameworks */,
				C018719018E2001B00D43F66 /* MessageUI.framework in Frameworks */,
				C018718E18E2001500D43F66 /* CoreMotion.framework in Frameworks */,
				C018718C18E2001000D43F66 /* CoreBluetooth.framework in Frameworks */,
				C059F5E419E113F9008005EE /* PebbleVendor.framework in Frameworks */,
				C018715918E1FF8900D43F66 /* CoreGraphics.framework in Frameworks */,
				C018715B18E1FF8900D43F66 /* UIKit.framework in Frameworks */,
				C018715718E1FF8900D43F66 /* Foundation.framework in Frameworks */,
				C059F5E619E11401008005EE /* PebbleKit.framework in Frameworks */,
			);
			runOnlyForDeploymentPostprocessing = 0;
		};
		C018717118E1FF8900D43F66 /* Frameworks */ = {
			isa = PBXFrameworksBuildPhase;
			buildActionMask = 2147483647;
			files = (
				C014566A1923F904000372A9 /* CoreGraphics.framework in Frameworks */,
				C01456691923F8FF000372A9 /* CoreBluetooth.framework in Frameworks */,
				C018717618E1FF8900D43F66 /* XCTest.framework in Frameworks */,
				C01456651923F8F3000372A9 /* CFNetwork.framework in Frameworks */,
				C01456681923F8FC000372A9 /* CoreMotion.framework in Frameworks */,
				C018717818E1FF8900D43F66 /* UIKit.framework in Frameworks */,
				C018717718E1FF8900D43F66 /* Foundation.framework in Frameworks */,
				C01456661923F8F6000372A9 /* ExternalAccessory.framework in Frameworks */,
				C01456641923F8F0000372A9 /* libz.dylib in Frameworks */,
				C01456671923F8F9000372A9 /* MessageUI.framework in Frameworks */,
			);
			runOnlyForDeploymentPostprocessing = 0;
		};
/* End PBXFrameworksBuildPhase section */

/* Begin PBXGroup section */
		C018714A18E1FF8900D43F66 = {
			isa = PBXGroup;
			children = (
				C018715C18E1FF8900D43F66 /* Hello */,
				C018717B18E1FF8900D43F66 /* HelloTests */,
				C018715518E1FF8900D43F66 /* Frameworks */,
				C018715418E1FF8900D43F66 /* Products */,
			);
			sourceTree = "<group>";
		};
		C018715418E1FF8900D43F66 /* Products */ = {
			isa = PBXGroup;
			children = (
				C018715318E1FF8900D43F66 /* Hello.app */,
				C018717418E1FF8900D43F66 /* HelloTests.xctest */,
			);
			name = Products;
			sourceTree = "<group>";
		};
		C018715518E1FF8900D43F66 /* Frameworks */ = {
			isa = PBXGroup;
			children = (
				C059F5E519E11401008005EE /* PebbleKit.framework */,
				C059F5E319E113F9008005EE /* PebbleVendor.framework */,
				C018719518E2004600D43F66 /* libz.dylib */,
				C018719318E2004100D43F66 /* CFNetwork.framework */,
				C018719118E2002200D43F66 /* ExternalAccessory.framework */,
				C018718F18E2001B00D43F66 /* MessageUI.framework */,
				C018718D18E2001500D43F66 /* CoreMotion.framework */,
				C018718B18E2001000D43F66 /* CoreBluetooth.framework */,
				C018715618E1FF8900D43F66 /* Foundation.framework */,
				C018715818E1FF8900D43F66 /* CoreGraphics.framework */,
				C018715A18E1FF8900D43F66 /* UIKit.framework */,
				C018717518E1FF8900D43F66 /* XCTest.framework */,
			);
			name = Frameworks;
			sourceTree = "<group>";
		};
		C018715C18E1FF8900D43F66 /* Hello */ = {
			isa = PBXGroup;
			children = (
				C0A6B25A19CE6FB400BB4227 /* Hello.entitlements */,
				C0EA987118E205AF00D1DE61 /* Pebble Watch App */,
				C018716518E1FF8900D43F66 /* AppDelegate.h */,
				C018716618E1FF8900D43F66 /* AppDelegate.m */,
				C018716818E1FF8900D43F66 /* Main.storyboard */,
				C018716B18E1FF8900D43F66 /* ViewController.h */,
				C018716C18E1FF8900D43F66 /* ViewController.m */,
				C0EA987718E20C9E00D1DE61 /* PebbleController.h */,
				C0EA987818E20C9E00D1DE61 /* PebbleController.m */,
				C01871B018E2044E00D43F66 /* NSMutableArray+Queue.m */,
				C01871B118E2044E00D43F66 /* NSMutableArray+Queue.h */,
				C018716E18E1FF8900D43F66 /* Images.xcassets */,
				C018715D18E1FF8900D43F66 /* Supporting Files */,
			);
			path = Hello;
			sourceTree = "<group>";
		};
		C018715D18E1FF8900D43F66 /* Supporting Files */ = {
			isa = PBXGroup;
			children = (
				C0EA987618E20B3500D1DE61 /* README.md */,
				C0EA986F18E2059D00D1DE61 /* Default.png */,
				C0EA987018E2059D00D1DE61 /* Icon.png */,
				C018715E18E1FF8900D43F66 /* Hello-Info.plist */,
				C018715F18E1FF8900D43F66 /* InfoPlist.strings */,
				C018716218E1FF8900D43F66 /* main.m */,
				C018716418E1FF8900D43F66 /* Hello-Prefix.pch */,
			);
			name = "Supporting Files";
			sourceTree = "<group>";
		};
		C018717B18E1FF8900D43F66 /* HelloTests */ = {
			isa = PBXGroup;
			children = (
				C018718118E1FF8900D43F66 /* HelloTests.m */,
				C018717C18E1FF8900D43F66 /* Supporting Files */,
			);
			path = HelloTests;
			sourceTree = "<group>";
		};
		C018717C18E1FF8900D43F66 /* Supporting Files */ = {
			isa = PBXGroup;
			children = (
				C018717D18E1FF8900D43F66 /* HelloTests-Info.plist */,
				C018717E18E1FF8900D43F66 /* InfoPlist.strings */,
			);
			name = "Supporting Files";
			sourceTree = "<group>";
		};
		C0EA987118E205AF00D1DE61 /* Pebble Watch App */ = {
			isa = PBXGroup;
			children = (
				C0EA987418E2078D00D1DE61 /* appinfo.json */,
				C0EA987518E2079300D1DE61 /* HelloWatchApp.c */,
			);
			name = "Pebble Watch App";
			sourceTree = "<group>";
		};
/* End PBXGroup section */

/* Begin PBXNativeTarget section */
		C018715218E1FF8900D43F66 /* Hello */ = {
			isa = PBXNativeTarget;
			buildConfigurationList = C018718518E1FF8900D43F66 /* Build configuration list for PBXNativeTarget "Hello" */;
			buildPhases = (
				C018714F18E1FF8900D43F66 /* Sources */,
				C018715018E1FF8900D43F66 /* Frameworks */,
				C018715118E1FF8900D43F66 /* Resources */,
			);
			buildRules = (
			);
			dependencies = (
			);
			name = Hello;
			productName = Hello;
			productReference = C018715318E1FF8900D43F66 /* Hello.app */;
			productType = "com.apple.product-type.application";
		};
		C018717318E1FF8900D43F66 /* HelloTests */ = {
			isa = PBXNativeTarget;
			buildConfigurationList = C018718818E1FF8900D43F66 /* Build configuration list for PBXNativeTarget "HelloTests" */;
			buildPhases = (
				C018717018E1FF8900D43F66 /* Sources */,
				C018717118E1FF8900D43F66 /* Frameworks */,
				C018717218E1FF8900D43F66 /* Resources */,
			);
			buildRules = (
			);
			dependencies = (
				C018717A18E1FF8900D43F66 /* PBXTargetDependency */,
			);
			name = HelloTests;
			productName = HelloTests;
			productReference = C018717418E1FF8900D43F66 /* HelloTests.xctest */;
			productType = "com.apple.product-type.bundle.unit-test";
		};
/* End PBXNativeTarget section */

/* Begin PBXProject section */
		C018714B18E1FF8900D43F66 /* Project object */ = {
			isa = PBXProject;
			attributes = {
				LastUpgradeCheck = 0510;
				ORGANIZATIONNAME = "World Champ Tech";
				TargetAttributes = {
					C018715218E1FF8900D43F66 = {
						DevelopmentTeam = 5NEF6NSGAT;
						SystemCapabilities = {
							com.apple.BackgroundModes = {
								enabled = 1;
							};
						};
					};
					C018717318E1FF8900D43F66 = {
						TestTargetID = C018715218E1FF8900D43F66;
					};
				};
			};
			buildConfigurationList = C018714E18E1FF8900D43F66 /* Build configuration list for PBXProject "Hello" */;
			compatibilityVersion = "Xcode 3.2";
			developmentRegion = English;
			hasScannedForEncodings = 0;
			knownRegions = (
				en,
				Base,
			);
			mainGroup = C018714A18E1FF8900D43F66;
			productRefGroup = C018715418E1FF8900D43F66 /* Products */;
			projectDirPath = "";
			projectRoot = "";
			targets = (
				C018715218E1FF8900D43F66 /* Hello */,
				C018717318E1FF8900D43F66 /* HelloTests */,
			);
		};
/* End PBXProject section */

/* Begin PBXResourcesBuildPhase section */
		C018715118E1FF8900D43F66 /* Resources */ = {
			isa = PBXResourcesBuildPhase;
			buildActionMask = 2147483647;
			files = (
				C018716F18E1FF8900D43F66 /* Images.xcassets in Resources */,
				C018716118E1FF8900D43F66 /* InfoPlist.strings in Resources */,
				C018716A18E1FF8900D43F66 /* Main.storyboard in Resources */,
			);
			runOnlyForDeploymentPostprocessing = 0;
		};
		C018717218E1FF8900D43F66 /* Resources */ = {
			isa = PBXResourcesBuildPhase;
			buildActionMask = 2147483647;
			files = (
				C018718018E1FF8900D43F66 /* InfoPlist.strings in Resources */,
			);
			runOnlyForDeploymentPostprocessing = 0;
		};
/* End PBXResourcesBuildPhase section */

/* Begin PBXSourcesBuildPhase section */
		C018714F18E1FF8900D43F66 /* Sources */ = {
			isa = PBXSourcesBuildPhase;
			buildActionMask = 2147483647;
			files = (
				C018716D18E1FF8900D43F66 /* ViewController.m in Sources */,
				C018716718E1FF8900D43F66 /* AppDelegate.m in Sources */,
				C0EA987918E20C9E00D1DE61 /* PebbleController.m in Sources */,
				C018716318E1FF8900D43F66 /* main.m in Sources */,
				C01871B318E2044E00D43F66 /* NSMutableArray+Queue.m in Sources */,
			);
			runOnlyForDeploymentPostprocessing = 0;
		};
		C018717018E1FF8900D43F66 /* Sources */ = {
			isa = PBXSourcesBuildPhase;
			buildActionMask = 2147483647;
			files = (
				C018718218E1FF8900D43F66 /* HelloTests.m in Sources */,
			);
			runOnlyForDeploymentPostprocessing = 0;
		};
/* End PBXSourcesBuildPhase section */

/* Begin PBXTargetDependency section */
		C018717A18E1FF8900D43F66 /* PBXTargetDependency */ = {
			isa = PBXTargetDependency;
			target = C018715218E1FF8900D43F66 /* Hello */;
			targetProxy = C018717918E1FF8900D43F66 /* PBXContainerItemProxy */;
		};
/* End PBXTargetDependency section */

/* Begin PBXVariantGroup section */
		C018715F18E1FF8900D43F66 /* InfoPlist.strings */ = {
			isa = PBXVariantGroup;
			children = (
				C018716018E1FF8900D43F66 /* en */,
			);
			name = InfoPlist.strings;
			sourceTree = "<group>";
		};
		C018716818E1FF8900D43F66 /* Main.storyboard */ = {
			isa = PBXVariantGroup;
			children = (
				C018716918E1FF8900D43F66 /* Base */,
			);
			name = Main.storyboard;
			sourceTree = "<group>";
		};
		C018717E18E1FF8900D43F66 /* InfoPlist.strings */ = {
			isa = PBXVariantGroup;
			children = (
				C018717F18E1FF8900D43F66 /* en */,
			);
			name = InfoPlist.strings;
			sourceTree = "<group>";
		};
/* End PBXVariantGroup section */

/* Begin XCBuildConfiguration section */
		C018718318E1FF8900D43F66 /* Debug */ = {
			isa = XCBuildConfiguration;
			buildSettings = {
				ALWAYS_SEARCH_USER_PATHS = NO;
				CLANG_CXX_LANGUAGE_STANDARD = "gnu++0x";
				CLANG_CXX_LIBRARY = "libc++";
				CLANG_ENABLE_MODULES = YES;
				CLANG_ENABLE_OBJC_ARC = YES;
				CLANG_WARN_BOOL_CONVERSION = YES;
				CLANG_WARN_CONSTANT_CONVERSION = YES;
				CLANG_WARN_DIRECT_OBJC_ISA_USAGE = YES_ERROR;
				CLANG_WARN_EMPTY_BODY = YES;
				CLANG_WARN_ENUM_CONVERSION = YES;
				CLANG_WARN_INT_CONVERSION = YES;
				CLANG_WARN_OBJC_ROOT_CLASS = YES_ERROR;
				CLANG_WARN__DUPLICATE_METHOD_MATCH = YES;
				"CODE_SIGN_IDENTITY[sdk=iphoneos*]" = "iPhone Developer";
				COPY_PHASE_STRIP = NO;
				GCC_C_LANGUAGE_STANDARD = gnu99;
				GCC_DYNAMIC_NO_PIC = NO;
				GCC_OPTIMIZATION_LEVEL = 0;
				GCC_PREPROCESSOR_DEFINITIONS = (
					"DEBUG=1",
					"$(inherited)",
				);
				GCC_SYMBOLS_PRIVATE_EXTERN = NO;
				GCC_WARN_64_TO_32_BIT_CONVERSION = YES;
				GCC_WARN_ABOUT_RETURN_TYPE = YES_ERROR;
				GCC_WARN_UNDECLARED_SELECTOR = YES;
				GCC_WARN_UNINITIALIZED_AUTOS = YES_AGGRESSIVE;
				GCC_WARN_UNUSED_FUNCTION = YES;
				GCC_WARN_UNUSED_VARIABLE = YES;
				IPHONEOS_DEPLOYMENT_TARGET = 7.1;
				ONLY_ACTIVE_ARCH = YES;
				SDKROOT = iphoneos;
			};
			name = Debug;
		};
		C018718418E1FF8900D43F66 /* Release */ = {
			isa = XCBuildConfiguration;
			buildSettings = {
				ALWAYS_SEARCH_USER_PATHS = NO;
				CLANG_CXX_LANGUAGE_STANDARD = "gnu++0x";
				CLANG_CXX_LIBRARY = "libc++";
				CLANG_ENABLE_MODULES = YES;
				CLANG_ENABLE_OBJC_ARC = YES;
				CLANG_WARN_BOOL_CONVERSION = YES;
				CLANG_WARN_CONSTANT_CONVERSION = YES;
				CLANG_WARN_DIRECT_OBJC_ISA_USAGE = YES_ERROR;
				CLANG_WARN_EMPTY_BODY = YES;
				CLANG_WARN_ENUM_CONVERSION = YES;
				CLANG_WARN_INT_CONVERSION = YES;
				CLANG_WARN_OBJC_ROOT_CLASS = YES_ERROR;
				CLANG_WARN__DUPLICATE_METHOD_MATCH = YES;
				"CODE_SIGN_IDENTITY[sdk=iphoneos*]" = "iPhone Developer";
				COPY_PHASE_STRIP = YES;
				ENABLE_NS_ASSERTIONS = NO;
				GCC_C_LANGUAGE_STANDARD = gnu99;
				GCC_WARN_64_TO_32_BIT_CONVERSION = YES;
				GCC_WARN_ABOUT_RETURN_TYPE = YES_ERROR;
				GCC_WARN_UNDECLARED_SELECTOR = YES;
				GCC_WARN_UNINITIALIZED_AUTOS = YES_AGGRESSIVE;
				GCC_WARN_UNUSED_FUNCTION = YES;
				GCC_WARN_UNUSED_VARIABLE = YES;
				IPHONEOS_DEPLOYMENT_TARGET = 7.1;
				SDKROOT = iphoneos;
				VALIDATE_PRODUCT = YES;
			};
			name = Release;
		};
		C018718618E1FF8900D43F66 /* Debug */ = {
			isa = XCBuildConfiguration;
			buildSettings = {
				ASSETCATALOG_COMPILER_APPICON_NAME = AppIcon;
				ASSETCATALOG_COMPILER_LAUNCHIMAGE_NAME = LaunchImage;
				CODE_SIGN_ENTITLEMENTS = Hello/Hello.entitlements;
				CODE_SIGN_IDENTITY = "iPhone Developer";
				"CODE_SIGN_IDENTITY[sdk=iphoneos*]" = "iPhone Developer";
				FRAMEWORK_SEARCH_PATHS = (
					"$(inherited)",
					"$(PROJECT_DIR)",
				);
				GCC_PRECOMPILE_PREFIX_HEADER = YES;
				GCC_PREFIX_HEADER = "Hello/Hello-Prefix.pch";
				INFOPLIST_FILE = "Hello/Hello-Info.plist";
				OTHER_LDFLAGS = "-ObjC";
				PRODUCT_NAME = "$(TARGET_NAME)";
				PROVISIONING_PROFILE = "";
				WRAPPER_EXTENSION = app;
			};
			name = Debug;
		};
		C018718718E1FF8900D43F66 /* Release */ = {
			isa = XCBuildConfiguration;
			buildSettings = {
				ASSETCATALOG_COMPILER_APPICON_NAME = AppIcon;
				ASSETCATALOG_COMPILER_LAUNCHIMAGE_NAME = LaunchImage;
				CODE_SIGN_ENTITLEMENTS = Hello/Hello.entitlements;
				CODE_SIGN_IDENTITY = "iPhone Developer";
				"CODE_SIGN_IDENTITY[sdk=iphoneos*]" = "iPhone Developer";
				FRAMEWORK_SEARCH_PATHS = (
					"$(inherited)",
					"$(PROJECT_DIR)",
				);
				GCC_PRECOMPILE_PREFIX_HEADER = YES;
				GCC_PREFIX_HEADER = "Hello/Hello-Prefix.pch";
				INFOPLIST_FILE = "Hello/Hello-Info.plist";
				OTHER_LDFLAGS = "-ObjC";
				PRODUCT_NAME = "$(TARGET_NAME)";
				PROVISIONING_PROFILE = "";
				WRAPPER_EXTENSION = app;
			};
			name = Release;
		};
		C018718918E1FF8900D43F66 /* Debug */ = {
			isa = XCBuildConfiguration;
			buildSettings = {
				BUNDLE_LOADER = "$(BUILT_PRODUCTS_DIR)/Hello.app/Hello";
				FRAMEWORK_SEARCH_PATHS = (
					"$(SDKROOT)/Developer/Library/Frameworks",
					"$(inherited)",
					"$(DEVELOPER_FRAMEWORKS_DIR)",
					"$(PROJECT_DIR)",
				);
				GCC_PRECOMPILE_PREFIX_HEADER = YES;
				GCC_PREFIX_HEADER = "Hello/Hello-Prefix.pch";
				GCC_PREPROCESSOR_DEFINITIONS = (
					"DEBUG=1",
					"$(inherited)",
				);
				INFOPLIST_FILE = "HelloTests/HelloTests-Info.plist";
				PRODUCT_NAME = "$(TARGET_NAME)";
				TEST_HOST = "$(BUNDLE_LOADER)";
				WRAPPER_EXTENSION = xctest;
			};
			name = Debug;
		};
		C018718A18E1FF8900D43F66 /* Release */ = {
			isa = XCBuildConfiguration;
			buildSettings = {
				BUNDLE_LOADER = "$(BUILT_PRODUCTS_DIR)/Hello.app/Hello";
				FRAMEWORK_SEARCH_PATHS = (
					"$(SDKROOT)/Developer/Library/Frameworks",
					"$(inherited)",
					"$(DEVELOPER_FRAMEWORKS_DIR)",
					"$(PROJECT_DIR)",
				);
				GCC_PRECOMPILE_PREFIX_HEADER = YES;
				GCC_PREFIX_HEADER = "Hello/Hello-Prefix.pch";
				INFOPLIST_FILE = "HelloTests/HelloTests-Info.plist";
				PRODUCT_NAME = "$(TARGET_NAME)";
				TEST_HOST = "$(BUNDLE_LOADER)";
				WRAPPER_EXTENSION = xctest;
			};
			name = Release;
		};
/* End XCBuildConfiguration section */

/* Begin XCConfigurationList section */
		C018714E18E1FF8900D43F66 /* Build configuration list for PBXProject "Hello" */ = {
			isa = XCConfigurationList;
			buildConfigurations = (
				C018718318E1FF8900D43F66 /* Debug */,
				C018718418E1FF8900D43F66 /* Release */,
			);
			defaultConfigurationIsVisible = 0;
			defaultConfigurationName = Release;
		};
		C018718518E1FF8900D43F66 /* Build configuration list for PBXNativeTarget "Hello" */ = {
			isa = XCConfigurationList;
			buildConfigurations = (
				C018718618E1FF8900D43F66 /* Debug */,
				C018718718E1FF8900D43F66 /* Release */,
			);
			defaultConfigurationIsVisible = 0;
			defaultConfigurationName = Release;
		};
		C018718818E1FF8900D43F66 /* Build configuration list for PBXNativeTarget "HelloTests" */ = {
			isa = XCConfigurationList;
			buildConfigurations = (
				C018718918E1FF8900D43F66 /* Debug */,
				C018718A18E1FF8900D43F66 /* Release */,
			);
			defaultConfigurationIsVisible = 0;
			defaultConfigurationName = Release;
		};
/* End XCConfigurationList section */
	};
	rootObject = C018714B18E1FF8900D43F66 /* Project object */;
}
